{
  "lockfileVersion": 1,
  "configVersion": 0,
  "workspaces": {
    "": {
      "name": "omo-herdr",
      "devDependencies": {
        "@code-yeongyu/senpi": "2026.9.12",
        "@types/node": "^24.0.0",
        "typescript": "^5.9.0",
      },
      "peerDependencies": {
        "@code-yeongyu/senpi": ">=2026.9.12",
      },
      "optionalPeers": [
        "@code-yeongyu/senpi",
      ],
    },
  },
  "packages": {
    "@anthropic-ai/claude-agent-sdk-darwin-arm64": ["@anthropic-ai/claude-agent-sdk-darwin-arm64@0.3.259", "", { "os": "darwin", "cpu": "arm64" }, "sha512-irMesPeaTll57VE+ZWw1+J9eSMtllbb1Mr9cKVW9igS0mu4nPtDFaNuycSSb0e/XJZlmUwEM+Q74XbilcfUBdA=="],

    "@anthropic-ai/claude-agent-sdk-darwin-x64": ["@anthropic-ai/claude-agent-sdk-darwin-x64@0.3.259", "", { "os": "darwin", "cpu": "x64" }, "sha512-L8IESfv0vwoVFp+4icW3oSj1f0AT0jonnS5vVIF4RBr+52JogiPCTstG1AI9xSD5R82084Ov6G7ekjS/eZRREA=="],

    "@anthropic-ai/claude-agent-sdk-linux-arm64": ["@anthropic-ai/claude-agent-sdk-linux-arm64@0.3.259", "", { "os": "linux", "cpu": "arm64" }, "sha512-3AblD+jFXRkYssGQ/bfjIZ3kUmoqzgiVUO6G9UkVq8wClo6YNJTnYMUrkPvwX0ahR65Y3QsM2iPcLmao13vVCw=="],

    "@anthropic-ai/claude-agent-sdk-linux-arm64-musl": ["@anthropic-ai/claude-agent-sdk-linux-arm64-musl@0.3.259", "", { "os": "linux", "cpu": "arm64" }, "sha512-6Mbet5P5LWwX1YexyzDkNP4vn1pmw8dlnNF/NU1+rXxEYmXiDVt2uf+p1hA/FbHCVottx8dc1CcVNgFy+QbQTA=="],

    "@anthropic-ai/claude-agent-sdk-linux-x64": ["@anthropic-ai/claude-agent-sdk-linux-x64@0.3.259", "", { "os": "linux", "cpu": "x64" }, "sha512-kpPgmCwNN+OA+q1suGvzKbUk9sfrYKz/gJmLne4ag91oqRHBP0wAEWex0c/0bmTb+wDa98WmpwpZYCmqKppCdg=="],

    "@anthropic-ai/claude-agent-sdk-linux-x64-musl": ["@anthropic-ai/claude-agent-sdk-linux-x64-musl@0.3.259", "", { "os": "linux", "cpu": "x64" }, "sha512-5lBXB6eXN90VKc+HT+PEKQp+/omhK88OK9caWohUp4ozCiyy2LoUz4s+l0S2HaNa2yiY7z+lhwcgpAkuOp8Olw=="],

    "@anthropic-ai/claude-agent-sdk-win32-arm64": ["@anthropic-ai/claude-agent-sdk-win32-arm64@0.3.259", "", { "os": "win32", "cpu": "arm64" }, "sha512-ryidK7vUU9CV4RStETCBwfQctMgFZ0nb/uP08GL85mpbnzPFnw+tD06rA7aIkQTXHuOv4BFvFxHRgYouBoZ0bg=="],

    "@anthropic-ai/claude-agent-sdk-win32-x64": ["@anthropic-ai/claude-agent-sdk-win32-x64@0.3.259", "", { "os": "win32", "cpu": "x64" }, "sha512-0zJUo/avBoyxzI/81/T7Yv3xBor4rjUJAQvUa8bJ2zmc0RL/fczGlJAKEfOql69kG8ap+Igo9nbNZ6TLyURjrw=="],

    "@code-yeongyu/senpi": ["@code-yeongyu/senpi@2026.9.12", "", { "optionalDependencies": { "@anthropic-ai/claude-agent-sdk-darwin-arm64": "0.3.259", "@anthropic-ai/claude-agent-sdk-darwin-x64": "0.3.259", "@anthropic-ai/claude-agent-sdk-linux-arm64": "0.3.259", "@anthropic-ai/claude-agent-sdk-linux-arm64-musl": "0.3.259", "@anthropic-ai/claude-agent-sdk-linux-x64": "0.3.259", "@anthropic-ai/claude-agent-sdk-linux-x64-musl": "0.3.259", "@anthropic-ai/claude-agent-sdk-win32-arm64": "0.3.259", "@anthropic-ai/claude-agent-sdk-win32-x64": "0.3.259", "@mariozechner/clipboard-darwin-arm64": "0.3.9", "@mariozechner/clipboard-darwin-universal": "0.3.9", "@mariozechner/clipboard-darwin-x64": "0.3.9", "@mariozechner/clipboard-linux-arm64-gnu": "0.3.9", "@mariozechner/clipboard-linux-arm64-musl": "0.3.9", "@mariozechner/clipboard-linux-riscv64-gnu": "0.3.9", "@mariozechner/clipboard-linux-x64-gnu": "0.3.9", "@mariozechner/clipboard-linux-x64-musl": "0.3.9", "@mariozechner/clipboard-win32-arm64-msvc": "0.3.9", "@mariozechner/clipboard-win32-x64-msvc": "0.3.9" }, "bin": { "pi": "dist/bundle/cli.js", "senpi": "dist/cli.js" } }, "sha512-zD4WESCgrgQ85wqRa59g1hLrldlirltSkJjEC8m2xvHcZ3l3h282LT8wX5uy/olV9SpdKyt3KeiyQz7LFnFSEA=="],

    "@mariozechner/clipboard-darwin-arm64": ["@mariozechner/clipboard-darwin-arm64@0.3.9", "", { "os": "darwin", "cpu": "arm64" }, "sha512-BfgV7vCEWZwJwZJw03r6bP5+tf0iI/ANuQYCxi9RNn7FrWB3yzGuMKCrNLRl6V761vXRdL8+OqZ0wd4TqlsNOQ=="],

    "@mariozechner/clipboard-darwin-universal": ["@mariozechner/clipboard-darwin-universal@0.3.9", "", { "os": "darwin" }, "sha512-BGGR4iA9Z2shAjI65eI5xtyb3LYNlDW9X3gxKxDbqtbnREohsrqznov6zpKoIrsRWpzlYVEdKphS7ksJ0/ndSQ=="],

    "@mariozechner/clipboard-darwin-x64": ["@mariozechner/clipboard-darwin-x64@0.3.9", "", { "os": "darwin", "cpu": "x64" }, "sha512-4kURmCbS6nt8uYhtmWpUcJWyPHfmAr5dTpXD1nO3pIfa+TSQ9DbrGOYCKH+aEFW47XhQ4Vp8ZTszie+wfFvDKg=="],

    "@mariozechner/clipboard-linux-arm64-gnu": ["@mariozechner/clipboard-linux-arm64-gnu@0.3.9", "", { "os": "linux", "cpu": "arm64" }, "sha512-g59OkUGP2DDfCOIKypHeYgv2M55u/cKvXa5dSxFbEJ34XvIQMdcVmpKCkGUro3ZgefXiGVdwguvTMQGpHWzIXw=="],

    "@mariozechner/clipboard-linux-arm64-musl": ["@mariozechner/clipboard-linux-arm64-musl@0.3.9", "", { "os": "linux", "cpu": "arm64" }, "sha512-AGuJdgKsmJdm4Pych7kv3sqe591ERRaAHW3xjLooiFzn8J+PxUyof++7YZrB5Y5tpnTO+K18Og3taj2NpluCRQ=="],

    "@mariozechner/clipboard-linux-riscv64-gnu": ["@mariozechner/clipboard-linux-riscv64-gnu@0.3.9", "", { "os": "linux", "cpu": "none" }, "sha512-DXBEAiuMpk7dhS1a9NzNxVAFi1vaKoPu7rQNgY8LIDLGrK3lnIp3nT10DUum+PKVJoJppIP+NAA8IZe4DMNDPw=="],

    "@mariozechner/clipboard-linux-x64-gnu": ["@mariozechner/clipboard-linux-x64-gnu@0.3.9", "", { "os": "linux", "cpu": "x64" }, "sha512-WORrMLd6EpElEME7JRKfSaY34nW1P5LbdgK5YNCS1ncG2LqmITsSMEJ8nh2mpvxb3TxqbOOKgY7k9eMJYlW9Mw=="],

    "@mariozechner/clipboard-linux-x64-musl": ["@mariozechner/clipboard-linux-x64-musl@0.3.9", "", { "os": "linux", "cpu": "x64" }, "sha512-/DHn+1DrfL6oRaPPWXaOKvonFFrni666fxd+zFqiQEfvBH0tsHVWjq9iqBk0oDp0qaPA72lIMy5BptxISBEhZQ=="],

    "@mariozechner/clipboard-win32-arm64-msvc": ["@mariozechner/clipboard-win32-arm64-msvc@0.3.9", "", { "os": "win32", "cpu": "arm64" }, "sha512-O5FHD3ErkMwMhNzAfu3ggy0ug4z7btZuoQgwwxlzPrwV2bxlD6WDpqBY4NCgICAgZdDKdp+loUEKVAVt8aYnhQ=="],

    "@mariozechner/clipboard-win32-x64-msvc": ["@mariozechner/clipboard-win32-x64-msvc@0.3.9", "", { "os": "win32", "cpu": "x64" }, "sha512-ihQC3EufqEY81vhXBgVBtK4prL+wc62zJsSvxrgz7K1hsdt6OObz6v9p3Rn1OG3GJksTTKMJF0u/guMISHPhSA=="],

    "@types/node": ["@types/node@24.13.4", "", { "dependencies": { "undici-types": "~7.18.0" } }, "sha512-YJ7EqCstVTzIr0fMr7qul/977en+pQHrfmuKIo6Zr9i75Be21dr3MovcfvGtyvi2HAUrRerWps5sMO9I7WaxDw=="],

    "typescript": ["typescript@5.9.3", "", { "bin": { "tsc": "bin/tsc", "tsserver": "bin/tsserver" } }, "sha512-jl1vZzPDinLr9eUt3J/t7V6FgNEw9QjvBPdysz9KfQDD41fQrC2Y4vKQdiaUpFT4bXlb1RHhLpp8wtm6M5TgSw=="],

    "undici-types": ["undici-types@7.18.2", "", {}, "sha512-AsuCzffGHJybSaRrmr5eHr81mwJU3kjw6M+uprWvCXiNeN9SOGwQ3Jn8jb8m3Z6izVgknn1R0FTCEAP2QrLY/w=="],
  }
}
